// !$*UTF8*$!
{
	archiveVersion = 1;
	classes = {
	};
	objectVersion = 77;
	objects = {

/* Begin PBXBuildFile section */
		006FFDD87A694908ECC5912E /* FocalsDesign in Frameworks */ = {isa = PBXBuildFile; productRef = 2E1CFF57501D3446C713047E /* FocalsDesign */; };
		0A078A1268E384D4FC2AA8BA /* LoginView.swift in Sources */ = {isa = PBXBuildFile; fileRef = A2E00168AFCEA7CAB8937F5A /* LoginView.swift */; };
		28F7FBCE4461B9ABC8CD99D4 /* LoadingSkeleton.swift in Sources */ = {isa = PBXBuildFile; fileRef = 798E2D1A8DD128ECA6F869C2 /* LoadingSkeleton.swift */; };
		2AED61817DB7DC3F2BADAC98 /* SessionStore.swift in Sources */ = {isa = PBXBuildFile; fileRef = 98CAE792F82FDF6C42F47E89 /* SessionStore.swift */; };
		3D7B29BACD2A6B5742532572 /* GoogleSignIn.swift in Sources */ = {isa = PBXBuildFile; fileRef = 7ABA7FC37A0534471D63D235 /* GoogleSignIn.swift */; };
		410314185B13FC812CA36B13 /* FocalsModels in Frameworks */ = {isa = PBXBuildFile; productRef = 7B66FA2D1C7948CB42CE6ACB /* FocalsModels */; };
		4492D003EBC0CD04FB14454B /* SplitViewShell.swift in Sources */ = {isa = PBXBuildFile; fileRef = 5DDA0AD6D17B725EAC56C617 /* SplitViewShell.swift */; };
		47AD39280EE93A5A787A4BD3 /* RouteDestination.swift in Sources */ = {isa = PBXBuildFile; fileRef = C0DD4D002D93FADBCFEEAF14 /* RouteDestination.swift */; };
		4895C989581A7D6C88AA6490 /* FocalsApp.swift in Sources */ = {isa = PBXBuildFile; fileRef = 4106A91B37381EC1B9E1E1D8 /* FocalsApp.swift */; };
		52EB50AF8AD60982999CAA62 /* MarkdownUI in Frameworks */ = {isa = PBXBuildFile; productRef = C527EB360FC6A0F0854648EB /* MarkdownUI */; };
		5C668608C3368ACF1BE1254D /* ConnectivityBanner.swift in Sources */ = {isa = PBXBuildFile; fileRef = 3DB909F92023C458C618FD64 /* ConnectivityBanner.swift */; };
		61EDEC09959839D7106C2FC8 /* Haptics.swift in Sources */ = {isa = PBXBuildFile; fileRef = 4ADA6534A0A21D5E3D0AAB9F /* Haptics.swift */; };
		6552F70FC5A00A73EEA5C7E8 /* FaceIDLock.swift in Sources */ = {isa = PBXBuildFile; fileRef = 5C188C2F27167D49A3FE1D68 /* FaceIDLock.swift */; };
		7103E14EE1643D59CB58AFA5 /* RootView.swift in Sources */ = {isa = PBXBuildFile; fileRef = 06B095E92B839F73683DEC72 /* RootView.swift */; };
		71C785BC3C08F48AF213E350 /* FocalsUITests.swift in Sources */ = {isa = PBXBuildFile; fileRef = 0B29D589D8F139A09F68D61D /* FocalsUITests.swift */; };
		74B0748C135893209C377443 /* FocalsAPI in Frameworks */ = {isa = PBXBuildFile; productRef = BD91BDB86CBB768047E4DD11 /* FocalsAPI */; };
		8B7CF9EC9237F31860B4AB5F /* Assets.xcassets in Resources */ = {isa = PBXBuildFile; fileRef = B833FF58BEB2EB2BCE7C3E5F /* Assets.xcassets */; };
		921CC09A1552E4E3C905F35F /* AppRouter.swift in Sources */ = {isa = PBXBuildFile; fileRef = A3DF9E09E1C3717135E5AAAC /* AppRouter.swift */; };
		9864E26C4F973722CBEE26E2 /* DetailSheet.swift in Sources */ = {isa = PBXBuildFile; fileRef = 55AC6C4242A3715A914D2912 /* DetailSheet.swift */; };
		9B5804EE5D9EBEA0414D5B88 /* DeepLinkRouter.swift in Sources */ = {isa = PBXBuildFile; fileRef = D543F3450FAACA286B91C5AA /* DeepLinkRouter.swift */; };
		AAD9C788D2F7328633E56AEB /* Route.swift in Sources */ = {isa = PBXBuildFile; fileRef = 2241AE8D86EA997A7C25E7C3 /* Route.swift */; };
		B044C91F4D63AA296572B0F5 /* AppleSignInButton.swift in Sources */ = {isa = PBXBuildFile; fileRef = 4B8388DDCCD3AD94E3DCCDA0 /* AppleSignInButton.swift */; };
		B11902B70198EB834E17A22B /* FocalsTests.swift in Sources */ = {isa = PBXBuildFile; fileRef = DBC8A63A8ABD02E74AF14067 /* FocalsTests.swift */; };
		B2FF5A9A0504E615DD8C4840 /* FocalsModels in Frameworks */ = {isa = PBXBuildFile; productRef = 493AB284786C6E8CD7F6702F /* FocalsModels */; };
		BDD133459688839A91C7A398 /* PlaceholderScreens.swift in Sources */ = {isa = PBXBuildFile; fileRef = 7F48CEEA1E71DAF02E2A0107 /* PlaceholderScreens.swift */; };
		CD9C80DC8C32EA712FF3A195 /* ModelDecodingTests.swift in Sources */ = {isa = PBXBuildFile; fileRef = 4F5A2E3BAE4AB2285424225F /* ModelDecodingTests.swift */; };
		CF158D9964A88239D07ED90C /* TabBarShell.swift in Sources */ = {isa = PBXBuildFile; fileRef = 4415602BAA7E21D69221C1E8 /* TabBarShell.swift */; };
		D772714FACE77D78AEE21B19 /* EmptyState.swift in Sources */ = {isa = PBXBuildFile; fileRef = 7131AEC8A4B59BD98F40CD9B /* EmptyState.swift */; };
		DBC3F202B912FFD8CEB5B030 /* Fixtures in Resources */ = {isa = PBXBuildFile; fileRef = 840E386896E4563DF3E30057 /* Fixtures */; };
		DF3ED171404F399B259A47CF /* Kingfisher in Frameworks */ = {isa = PBXBuildFile; productRef = 244FCBFA18AB86AB05762DA6 /* Kingfisher */; };
		E58D35B80728B663A029EE14 /* DesignTokenGallery.swift in Sources */ = {isa = PBXBuildFile; fileRef = 1C5DED6FB15649F392FF20C6 /* DesignTokenGallery.swift */; };
		F963984F51B37929ECA7B068 /* FocalsCache in Frameworks */ = {isa = PBXBuildFile; productRef = 301C62105196D7CCA75A55AF /* FocalsCache */; };
/* End PBXBuildFile section */

/* Begin PBXContainerItemProxy section */
		16F5AA935D13FDD83155591C /* PBXContainerItemProxy */ = {
			isa = PBXContainerItemProxy;
			containerPortal = FF9890FF6A35EDE7171ACE58 /* Project object */;
			proxyType = 1;
			remoteGlobalIDString = E1ECE65A56FB554640570876;
			remoteInfo = Focals;
		};
		903BCE71000FFC26D66D05E5 /* PBXContainerItemProxy */ = {
			isa = PBXContainerItemProxy;
			containerPortal = FF9890FF6A35EDE7171ACE58 /* Project object */;
			proxyType = 1;
			remoteGlobalIDString = E1ECE65A56FB554640570876;
			remoteInfo = Focals;
		};
/* End PBXContainerItemProxy section */

/* Begin PBXFileReference section */
		06B095E92B839F73683DEC72 /* RootView.swift */ = {isa = PBXFileReference; lastKnownFileType = sourcecode.swift; path = RootView.swift; sourceTree = "<group>"; };
		0B29D589D8F139A09F68D61D /* FocalsUITests.swift */ = {isa = PBXFileReference; lastKnownFileType = sourcecode.swift; path = FocalsUITests.swift; sourceTree = "<group>"; };
		1C5DED6FB15649F392FF20C6 /* DesignTokenGallery.swift */ = {isa = PBXFileReference; lastKnownFileType = sourcecode.swift; path = DesignTokenGallery.swift; sourceTree = "<group>"; };
		2241AE8D86EA997A7C25E7C3 /* Route.swift */ = {isa = PBXFileReference; lastKnownFileType = sourcecode.swift; path = Route.swift; sourceTree = "<group>"; };
		3DB909F92023C458C618FD64 /* ConnectivityBanner.swift */ = {isa = PBXFileReference; lastKnownFileType = sourcecode.swift; path = ConnectivityBanner.swift; sourceTree = "<group>"; };
		4106A91B37381EC1B9E1E1D8 /* FocalsApp.swift */ = {isa = PBXFileReference; lastKnownFileType = sourcecode.swift; path = FocalsApp.swift; sourceTree = "<group>"; };
		4415602BAA7E21D69221C1E8 /* TabBarShell.swift */ = {isa = PBXFileReference; lastKnownFileType = sourcecode.swift; path = TabBarShell.swift; sourceTree = "<group>"; };
		4ADA6534A0A21D5E3D0AAB9F /* Haptics.swift */ = {isa = PBXFileReference; lastKnownFileType = sourcecode.swift; path = Haptics.swift; sourceTree = "<group>"; };
		4B8388DDCCD3AD94E3DCCDA0 /* AppleSignInButton.swift */ = {isa = PBXFileReference; lastKnownFileType = sourcecode.swift; path = AppleSignInButton.swift; sourceTree = "<group>"; };
		4F5A2E3BAE4AB2285424225F /* ModelDecodingTests.swift */ = {isa = PBXFileReference; lastKnownFileType = sourcecode.swift; path = ModelDecodingTests.swift; sourceTree = "<group>"; };
		55AC6C4242A3715A914D2912 /* DetailSheet.swift */ = {isa = PBXFileReference; lastKnownFileType = sourcecode.swift; path = DetailSheet.swift; sourceTree = "<group>"; };
		5C188C2F27167D49A3FE1D68 /* FaceIDLock.swift */ = {isa = PBXFileReference; lastKnownFileType = sourcecode.swift; path = FaceIDLock.swift; sourceTree = "<group>"; };
		5DDA0AD6D17B725EAC56C617 /* SplitViewShell.swift */ = {isa = PBXFileReference; lastKnownFileType = sourcecode.swift; path = SplitViewShell.swift; sourceTree = "<group>"; };
		7131AEC8A4B59BD98F40CD9B /* EmptyState.swift */ = {isa = PBXFileReference; lastKnownFileType = sourcecode.swift; path = EmptyState.swift; sourceTree = "<group>"; };
		798E2D1A8DD128ECA6F869C2 /* LoadingSkeleton.swift */ = {isa = PBXFileReference; lastKnownFileType = sourcecode.swift; path = LoadingSkeleton.swift; sourceTree = "<group>"; };
		7ABA7FC37A0534471D63D235 /* GoogleSignIn.swift */ = {isa = PBXFileReference; lastKnownFileType = sourcecode.swift; path = GoogleSignIn.swift; sourceTree = "<group>"; };
		7F48CEEA1E71DAF02E2A0107 /* PlaceholderScreens.swift */ = {isa = PBXFileReference; lastKnownFileType = sourcecode.swift; path = PlaceholderScreens.swift; sourceTree = "<group>"; };
		840E386896E4563DF3E30057 /* Fixtures */ = {isa = PBXFileReference; lastKnownFileType = folder; name = Fixtures; path = FocalsTests/Fixtures; sourceTree = SOURCE_ROOT; };
		8D97320272391F8E3EE05B5F /* Focals.app */ = {isa = PBXFileReference; includeInIndex = 0; lastKnownFileType = wrapper.application; path = Focals.app; sourceTree = BUILT_PRODUCTS_DIR; };
		98CAE792F82FDF6C42F47E89 /* SessionStore.swift */ = {isa = PBXFileReference; lastKnownFileType = sourcecode.swift; path = SessionStore.swift; sourceTree = "<group>"; };
		A0AF57D113DA222C1D1BC412 /* FocalsUITests.xctest */ = {isa = PBXFileReference; includeInIndex = 0; lastKnownFileType = wrapper.cfbundle; path = FocalsUITests.xctest; sourceTree = BUILT_PRODUCTS_DIR; };
		A2E00168AFCEA7CAB8937F5A /* LoginView.swift */ = {isa = PBXFileReference; lastKnownFileType = sourcecode.swift; path = LoginView.swift; sourceTree = "<group>"; };
		A3DF9E09E1C3717135E5AAAC /* AppRouter.swift */ = {isa = PBXFileReference; lastKnownFileType = sourcecode.swift; path = AppRouter.swift; sourceTree = "<group>"; };
		B833FF58BEB2EB2BCE7C3E5F /* Assets.xcassets */ = {isa = PBXFileReference; lastKnownFileType = folder.assetcatalog; path = Assets.xcassets; sourceTree = "<group>"; };
		B9B6C2842EBBA10107FBF785 /* FocalsKit */ = {isa = PBXFileReference; lastKnownFileType = folder; name = FocalsKit; path = FocalsKit; sourceTree = SOURCE_ROOT; };
		C0DD4D002D93FADBCFEEAF14 /* RouteDestination.swift */ = {isa = PBXFileReference; lastKnownFileType = sourcecode.swift; path = RouteDestination.swift; sourceTree = "<group>"; };
		D543F3450FAACA286B91C5AA /* DeepLinkRouter.swift */ = {isa = PBXFileReference; lastKnownFileType = sourcecode.swift; path = DeepLinkRouter.swift; sourceTree = "<group>"; };
		DBC8A63A8ABD02E74AF14067 /* FocalsTests.swift */ = {isa = PBXFileReference; lastKnownFileType = sourcecode.swift; path = FocalsTests.swift; sourceTree = "<group>"; };
		DD7E1DACAA07897AA6CC737B /* FocalsTests.xctest */ = {isa = PBXFileReference; includeInIndex = 0; lastKnownFileType = wrapper.cfbundle; path = FocalsTests.xctest; sourceTree = BUILT_PRODUCTS_DIR; };
		FDB4648D7027444B4483A68A /* Secrets.xcconfig */ = {isa = PBXFileReference; lastKnownFileType = text.xcconfig; path = Secrets.xcconfig; sourceTree = "<group>"; };
/* End PBXFileReference section */

/* Begin PBXFrameworksBuildPhase section */
		9319AAEF34D3776F602C2719 /* Frameworks */ = {
			isa = PBXFrameworksBuildPhase;
			buildActionMask = 2147483647;
			files = (
				006FFDD87A694908ECC5912E /* FocalsDesign in Frameworks */,
				B2FF5A9A0504E615DD8C4840 /* FocalsModels in Frameworks */,
				74B0748C135893209C377443 /* FocalsAPI in Frameworks */,
				F963984F51B37929ECA7B068 /* FocalsCache in Frameworks */,
				DF3ED171404F399B259A47CF /* Kingfisher in Frameworks */,
				52EB50AF8AD60982999CAA62 /* MarkdownUI in Frameworks */,
			);
			runOnlyForDeploymentPostprocessing = 0;
		};
		C29C374CF90402AA1CFB534E /* Frameworks */ = {
			isa = PBXFrameworksBuildPhase;
			buildActionMask = 2147483647;
			files = (
				410314185B13FC812CA36B13 /* FocalsModels in Frameworks */,
			);
			runOnlyForDeploymentPostprocessing = 0;
		};
/* End PBXFrameworksBuildPhase section */

/* Begin PBXGroup section */
		12FCD9456008C236E1CC8C23 /* Focals */ = {
			isa = PBXGroup;
			children = (
				FDB4648D7027444B4483A68A /* Secrets.xcconfig */,
				73DA5A3AC37A6E724E7EC2B0 /* App */,
				B917D88F67F06972B4D0467C /* Auth */,
				E52B431A6EB0FD33B2A39DD0 /* Modules */,
				E6F21C3B471E58BC68DF7A4E /* Navigation */,
				30DAF8BD7CD5EF99D96AB3E8 /* Resources */,
				8D3919B777B799FE61471EB6 /* Shared */,
			);
			path = Focals;
			sourceTree = "<group>";
		};
		14ACBF41F7A523B54810B419 = {
			isa = PBXGroup;
			children = (
				840E386896E4563DF3E30057 /* Fixtures */,
				12FCD9456008C236E1CC8C23 /* Focals */,
				2A57004C8CEB6C986E0F7F3E /* FocalsTests */,
				B5ABBD92702BD26F14961258 /* FocalsUITests */,
				C5BEABA0272598D2BBC406DC /* Packages */,
				7330269AFA2609694943F024 /* Products */,
			);
			sourceTree = "<group>";
		};
		2A57004C8CEB6C986E0F7F3E /* FocalsTests */ = {
			isa = PBXGroup;
			children = (
				DBC8A63A8ABD02E74AF14067 /* FocalsTests.swift */,
				4F5A2E3BAE4AB2285424225F /* ModelDecodingTests.swift */,
			);
			path = FocalsTests;
			sourceTree = "<group>";
		};
		30DAF8BD7CD5EF99D96AB3E8 /* Resources */ = {
			isa = PBXGroup;
			children = (
				B833FF58BEB2EB2BCE7C3E5F /* Assets.xcassets */,
			);
			path = Resources;
			sourceTree = "<group>";
		};
		7330269AFA2609694943F024 /* Products */ = {
			isa = PBXGroup;
			children = (
				8D97320272391F8E3EE05B5F /* Focals.app */,
				DD7E1DACAA07897AA6CC737B /* FocalsTests.xctest */,
				A0AF57D113DA222C1D1BC412 /* FocalsUITests.xctest */,
			);
			name = Products;
			sourceTree = "<group>";
		};
		73DA5A3AC37A6E724E7EC2B0 /* App */ = {
			isa = PBXGroup;
			children = (
				1C5DED6FB15649F392FF20C6 /* DesignTokenGallery.swift */,
				4106A91B37381EC1B9E1E1D8 /* FocalsApp.swift */,
				06B095E92B839F73683DEC72 /* RootView.swift */,
			);
			path = App;
			sourceTree = "<group>";
		};
		8D3919B777B799FE61471EB6 /* Shared */ = {
			isa = PBXGroup;
			children = (
				3DB909F92023C458C618FD64 /* ConnectivityBanner.swift */,
				55AC6C4242A3715A914D2912 /* DetailSheet.swift */,
				7131AEC8A4B59BD98F40CD9B /* EmptyState.swift */,
				4ADA6534A0A21D5E3D0AAB9F /* Haptics.swift */,
				798E2D1A8DD128ECA6F869C2 /* LoadingSkeleton.swift */,
			);
			path = Shared;
			sourceTree = "<group>";
		};
		B5ABBD92702BD26F14961258 /* FocalsUITests */ = {
			isa = PBXGroup;
			children = (
				0B29D589D8F139A09F68D61D /* FocalsUITests.swift */,
			);
			path = FocalsUITests;
			sourceTree = "<group>";
		};
		B917D88F67F06972B4D0467C /* Auth */ = {
			isa = PBXGroup;
			children = (
				4B8388DDCCD3AD94E3DCCDA0 /* AppleSignInButton.swift */,
				5C188C2F27167D49A3FE1D68 /* FaceIDLock.swift */,
				7ABA7FC37A0534471D63D235 /* GoogleSignIn.swift */,
				A2E00168AFCEA7CAB8937F5A /* LoginView.swift */,
				98CAE792F82FDF6C42F47E89 /* SessionStore.swift */,
			);
			path = Auth;
			sourceTree = "<group>";
		};
		C5BEABA0272598D2BBC406DC /* Packages */ = {
			isa = PBXGroup;
			children = (
				B9B6C2842EBBA10107FBF785 /* FocalsKit */,
			);
			name = Packages;
			sourceTree = "<group>";
		};
		E52B431A6EB0FD33B2A39DD0 /* Modules */ = {
			isa = PBXGroup;
			children = (
				7F48CEEA1E71DAF02E2A0107 /* PlaceholderScreens.swift */,
			);
			path = Modules;
			sourceTree = "<group>";
		};
		E6F21C3B471E58BC68DF7A4E /* Navigation */ = {
			isa = PBXGroup;
			children = (
				A3DF9E09E1C3717135E5AAAC /* AppRouter.swift */,
				D543F3450FAACA286B91C5AA /* DeepLinkRouter.swift */,
				2241AE8D86EA997A7C25E7C3 /* Route.swift */,
				C0DD4D002D93FADBCFEEAF14 /* RouteDestination.swift */,
				5DDA0AD6D17B725EAC56C617 /* SplitViewShell.swift */,
				4415602BAA7E21D69221C1E8 /* TabBarShell.swift */,
			);
			path = Navigation;
			sourceTree = "<group>";
		};
/* End PBXGroup section */

/* Begin PBXNativeTarget section */
		AC9F7AC0F7404EBD1F4C6699 /* FocalsTests */ = {
			isa = PBXNativeTarget;
			buildConfigurationList = 93E4C3767731FF0ACF471108 /* Build configuration list for PBXNativeTarget "FocalsTests" */;
			buildPhases = (
				C16402B85D2A54874CD49D71 /* Sources */,
				3B6370C9FDD87DE1C8620829 /* Resources */,
				C29C374CF90402AA1CFB534E /* Frameworks */,
			);
			buildRules = (
			);
			dependencies = (
				0120C153E0DFE581B74E53BB /* PBXTargetDependency */,
			);
			name = FocalsTests;
			packageProductDependencies = (
				7B66FA2D1C7948CB42CE6ACB /* FocalsModels */,
			);
			productName = FocalsTests;
			productReference = DD7E1DACAA07897AA6CC737B /* FocalsTests.xctest */;
			productType = "com.apple.product-type.bundle.unit-test";
		};
		C3838ED91B8DDF2CCB6CBE65 /* FocalsUITests */ = {
			isa = PBXNativeTarget;
			buildConfigurationList = 63A8AC9A4E39BB4811694F0D /* Build configuration list for PBXNativeTarget "FocalsUITests" */;
			buildPhases = (
				F042FE44978450FF4075E2D1 /* Sources */,
			);
			buildRules = (
			);
			dependencies = (
				8858237C2B45A16B2301016C /* PBXTargetDependency */,
			);
			name = FocalsUITests;
			packageProductDependencies = (
			);
			productName = FocalsUITests;
			productReference = A0AF57D113DA222C1D1BC412 /* FocalsUITests.xctest */;
			productType = "com.apple.product-type.bundle.ui-testing";
		};
		E1ECE65A56FB554640570876 /* Focals */ = {
			isa = PBXNativeTarget;
			buildConfigurationList = 0E589ACD95DE3269B007A3B8 /* Build configuration list for PBXNativeTarget "Focals" */;
			buildPhases = (
				4CF1D39860341EC0ED736C41 /* Sources */,
				960B17D3498B39C87B3E70DA /* Resources */,
				9319AAEF34D3776F602C2719 /* Frameworks */,
			);
			buildRules = (
			);
			dependencies = (
			);
			name = Focals;
			packageProductDependencies = (
				2E1CFF57501D3446C713047E /* FocalsDesign */,
				493AB284786C6E8CD7F6702F /* FocalsModels */,
				BD91BDB86CBB768047E4DD11 /* FocalsAPI */,
				301C62105196D7CCA75A55AF /* FocalsCache */,
				244FCBFA18AB86AB05762DA6 /* Kingfisher */,
				C527EB360FC6A0F0854648EB /* MarkdownUI */,
			);
			productName = Focals;
			productReference = 8D97320272391F8E3EE05B5F /* Focals.app */;
			productType = "com.apple.product-type.application";
		};
/* End PBXNativeTarget section */

/* Begin PBXProject section */
		FF9890FF6A35EDE7171ACE58 /* Project object */ = {
			isa = PBXProject;
			attributes = {
				BuildIndependentTargetsInParallel = YES;
				LastUpgradeCheck = 1430;
				TargetAttributes = {
					C3838ED91B8DDF2CCB6CBE65 = {
						TestTargetID = E1ECE65A56FB554640570876;
					};
				};
			};
			buildConfigurationList = 54F45F1C0FD151416290A031 /* Build configuration list for PBXProject "Focals" */;
			developmentRegion = en;
			hasScannedForEncodings = 0;
			knownRegions = (
				Base,
				en,
			);
			mainGroup = 14ACBF41F7A523B54810B419;
			minimizedProjectReferenceProxies = 1;
			packageReferences = (
				01FF729707366C0F238875A6 /* XCRemoteSwiftPackageReference "Kingfisher" */,
				2B729D18064E9D8B29AC28F5 /* XCRemoteSwiftPackageReference "swift-markdown-ui" */,
				15F15EDECA5892601F801DCD /* XCLocalSwiftPackageReference "FocalsKit" */,
			);
			preferredProjectObjectVersion = 77;
			productRefGroup = 7330269AFA2609694943F024 /* Products */;
			projectDirPath = "";
			projectRoot = "";
			targets = (
				E1ECE65A56FB554640570876 /* Focals */,
				AC9F7AC0F7404EBD1F4C6699 /* FocalsTests */,
				C3838ED91B8DDF2CCB6CBE65 /* FocalsUITests */,
			);
		};
/* End PBXProject section */

/* Begin PBXResourcesBuildPhase section */
		3B6370C9FDD87DE1C8620829 /* Resources */ = {
			isa = PBXResourcesBuildPhase;
			buildActionMask = 2147483647;
			files = (
				DBC3F202B912FFD8CEB5B030 /* Fixtures in Resources */,
			);
			runOnlyForDeploymentPostprocessing = 0;
		};
		960B17D3498B39C87B3E70DA /* Resources */ = {
			isa = PBXResourcesBuildPhase;
			buildActionMask = 2147483647;
			files = (
				8B7CF9EC9237F31860B4AB5F /* Assets.xcassets in Resources */,
			);
			runOnlyForDeploymentPostprocessing = 0;
		};
/* End PBXResourcesBuildPhase section */

/* Begin PBXSourcesBuildPhase section */
		4CF1D39860341EC0ED736C41 /* Sources */ = {
			isa = PBXSourcesBuildPhase;
			buildActionMask = 2147483647;
			files = (
				921CC09A1552E4E3C905F35F /* AppRouter.swift in Sources */,
				B044C91F4D63AA296572B0F5 /* AppleSignInButton.swift in Sources */,
				5C668608C3368ACF1BE1254D /* ConnectivityBanner.swift in Sources */,
				9B5804EE5D9EBEA0414D5B88 /* DeepLinkRouter.swift in Sources */,
				E58D35B80728B663A029EE14 /* DesignTokenGallery.swift in Sources */,
				9864E26C4F973722CBEE26E2 /* DetailSheet.swift in Sources */,
				D772714FACE77D78AEE21B19 /* EmptyState.swift in Sources */,
				6552F70FC5A00A73EEA5C7E8 /* FaceIDLock.swift in Sources */,
				4895C989581A7D6C88AA6490 /* FocalsApp.swift in Sources */,
				3D7B29BACD2A6B5742532572 /* GoogleSignIn.swift in Sources */,
				61EDEC09959839D7106C2FC8 /* Haptics.swift in Sources */,
				28F7FBCE4461B9ABC8CD99D4 /* LoadingSkeleton.swift in Sources */,
				0A078A1268E384D4FC2AA8BA /* LoginView.swift in Sources */,
				BDD133459688839A91C7A398 /* PlaceholderScreens.swift in Sources */,
				7103E14EE1643D59CB58AFA5 /* RootView.swift in Sources */,
				AAD9C788D2F7328633E56AEB /* Route.swift in Sources */,
				47AD39280EE93A5A787A4BD3 /* RouteDestination.swift in Sources */,
				2AED61817DB7DC3F2BADAC98 /* SessionStore.swift in Sources */,
				4492D003EBC0CD04FB14454B /* SplitViewShell.swift in Sources */,
				CF158D9964A88239D07ED90C /* TabBarShell.swift in Sources */,
			);
			runOnlyForDeploymentPostprocessing = 0;
		};
		C16402B85D2A54874CD49D71 /* Sources */ = {
			isa = PBXSourcesBuildPhase;
			buildActionMask = 2147483647;
			files = (
				B11902B70198EB834E17A22B /* FocalsTests.swift in Sources */,
				CD9C80DC8C32EA712FF3A195 /* ModelDecodingTests.swift in Sources */,
			);
			runOnlyForDeploymentPostprocessing = 0;
		};
		F042FE44978450FF4075E2D1 /* Sources */ = {
			isa = PBXSourcesBuildPhase;
			buildActionMask = 2147483647;
			files = (
				71C785BC3C08F48AF213E350 /* FocalsUITests.swift in Sources */,
			);
			runOnlyForDeploymentPostprocessing = 0;
		};
/* End PBXSourcesBuildPhase section */

/* Begin PBXTargetDependency section */
		0120C153E0DFE581B74E53BB /* PBXTargetDependency */ = {
			isa = PBXTargetDependency;
			target = E1ECE65A56FB554640570876 /* Focals */;
			targetProxy = 16F5AA935D13FDD83155591C /* PBXContainerItemProxy */;
		};
		8858237C2B45A16B2301016C /* PBXTargetDependency */ = {
			isa = PBXTargetDependency;
			target = E1ECE65A56FB554640570876 /* Focals */;
			targetProxy = 903BCE71000FFC26D66D05E5 /* PBXContainerItemProxy */;
		};
/* End PBXTargetDependency section */

/* Begin XCBuildConfiguration section */
		04E01C9FB2D52E8CF3005A45 /* Release */ = {
			isa = XCBuildConfiguration;
			baseConfigurationReference = FDB4648D7027444B4483A68A /* Secrets.xcconfig */;
			buildSettings = {
				ASSETCATALOG_COMPILER_APPICON_NAME = AppIcon;
				ASSETCATALOG_COMPILER_GLOBAL_ACCENT_COLOR_NAME = AccentColor;
				CODE_SIGNING_ALLOWED = NO;
				CODE_SIGNING_REQUIRED = NO;
				CODE_SIGN_IDENTITY = "";
				INFOPLIST_FILE = Focals/Info.plist;
				LD_RUNPATH_SEARCH_PATHS = (
					"$(inherited)",
					"@executable_path/Frameworks",
				);
				PRODUCT_BUNDLE_IDENTIFIER = com.focals.ios;
				SDKROOT = iphoneos;
				SWIFT_COMPILATION_MODE = wholemodule;
				SWIFT_VERSION = 5.9;
				TARGETED_DEVICE_FAMILY = "1,2";
			};
			name = Release;
		};
		127F035ACB6A3D9D796F1FE4 /* Debug */ = {
			isa = XCBuildConfiguration;
			buildSettings = {
				BUNDLE_LOADER = "$(TEST_HOST)";
				GENERATE_INFOPLIST_FILE = YES;
				LD_RUNPATH_SEARCH_PATHS = (
					"$(inherited)",
					"@executable_path/Frameworks",
					"@loader_path/Frameworks",
				);
				PRODUCT_BUNDLE_IDENTIFIER = com.focals.FocalsTests;
				SDKROOT = iphoneos;
				SWIFT_VERSION = 5.9;
				TARGETED_DEVICE_FAMILY = "1,2";
				TEST_HOST = "$(BUILT_PRODUCTS_DIR)/Focals.app/Focals";
			};
			name = Debug;
		};
		1AF9FB7EDE1EB3B3995A5688 /* Debug */ = {
			isa = XCBuildConfiguration;
			buildSettings = {
				ALWAYS_SEARCH_USER_PATHS = NO;
				CLANG_ANALYZER_NONNULL = YES;
				CLANG_ANALYZER_NUMBER_OBJECT_CONVERSION = YES_AGGRESSIVE;
				CLANG_CXX_LANGUAGE_STANDARD = "gnu++14";
				CLANG_CXX_LIBRARY = "libc++";
				CLANG_ENABLE_MODULES = YES;
				CLANG_ENABLE_OBJC_ARC = YES;
				CLANG_ENABLE_OBJC_WEAK = YES;
				CLANG_WARN_BLOCK_CAPTURE_AUTORELEASING = YES;
				CLANG_WARN_BOOL_CONVERSION = YES;
				CLANG_WARN_COMMA = YES;
				CLANG_WARN_CONSTANT_CONVERSION = YES;
				CLANG_WARN_DEPRECATED_OBJC_IMPLEMENTATIONS = YES;
				CLANG_WARN_DIRECT_OBJC_ISA_USAGE = YES_ERROR;
				CLANG_WARN_DOCUMENTATION_COMMENTS = YES;
				CLANG_WARN_EMPTY_BODY = YES;
				CLANG_WARN_ENUM_CONVERSION = YES;
				CLANG_WARN_INFINITE_RECURSION = YES;
				CLANG_WARN_INT_CONVERSION = YES;
				CLANG_WARN_NON_LITERAL_NULL_CONVERSION = YES;
				CLANG_WARN_OBJC_IMPLICIT_RETAIN_SELF = YES;
				CLANG_WARN_OBJC_LITERAL_CONVERSION = YES;
				CLANG_WARN_OBJC_ROOT_CLASS = YES_ERROR;
				CLANG_WARN_QUOTED_INCLUDE_IN_FRAMEWORK_HEADER = YES;
				CLANG_WARN_RANGE_LOOP_ANALYSIS = YES;
				CLANG_WARN_STRICT_PROTOTYPES = YES;
				CLANG_WARN_SUSPICIOUS_MOVE = YES;
				CLANG_WARN_UNGUARDED_AVAILABILITY = YES_AGGRESSIVE;
				CLANG_WARN_UNREACHABLE_CODE = YES;
				CLANG_WARN__DUPLICATE_METHOD_MATCH = YES;
				COPY_PHASE_STRIP = NO;
				DEBUG_INFORMATION_FORMAT = dwarf;
				ENABLE_STRICT_OBJC_MSGSEND = YES;
				ENABLE_TESTABILITY = YES;
				GCC_C_LANGUAGE_STANDARD = gnu11;
				GCC_DYNAMIC_NO_PIC = NO;
				GCC_NO_COMMON_BLOCKS = YES;
				GCC_OPTIMIZATION_LEVEL = 0;
				GCC_PREPROCESSOR_DEFINITIONS = (
					"$(inherited)",
					"DEBUG=1",
				);
				GCC_WARN_64_TO_32_BIT_CONVERSION = YES;
				GCC_WARN_ABOUT_RETURN_TYPE = YES_ERROR;
				GCC_WARN_UNDECLARED_SELECTOR = YES;
				GCC_WARN_UNINITIALIZED_AUTOS = YES_AGGRESSIVE;
				GCC_WARN_UNUSED_FUNCTION = YES;
				GCC_WARN_UNUSED_VARIABLE = YES;
				IPHONEOS_DEPLOYMENT_TARGET = 17.0;
				MTL_ENABLE_DEBUG_INFO = INCLUDE_SOURCE;
				MTL_FAST_MATH = YES;
				ONLY_ACTIVE_ARCH = YES;
				PRODUCT_NAME = "$(TARGET_NAME)";
				SDKROOT = iphoneos;
				SWIFT_ACTIVE_COMPILATION_CONDITIONS = DEBUG;
				SWIFT_OPTIMIZATION_LEVEL = "-Onone";
				SWIFT_VERSION = 5.0;
			};
			name = Debug;
		};
		2DB205D90015262F12B292F8 /* Debug */ = {
			isa = XCBuildConfiguration;
			buildSettings = {
				BUNDLE_LOADER = "$(TEST_HOST)";
				GENERATE_INFOPLIST_FILE = YES;
				LD_RUNPATH_SEARCH_PATHS = (
					"$(inherited)",
					"@executable_path/Frameworks",
					"@loader_path/Frameworks",
				);
				PRODUCT_BUNDLE_IDENTIFIER = com.focals.FocalsUITests;
				SDKROOT = iphoneos;
				SWIFT_VERSION = 5.9;
				TARGETED_DEVICE_FAMILY = "1,2";
				TEST_TARGET_NAME = Focals;
			};
			name = Debug;
		};
		6AA30CB347D71779CC3ACDC1 /* Release */ = {
			isa = XCBuildConfiguration;
			buildSettings = {
				ALWAYS_SEARCH_USER_PATHS = NO;
				CLANG_ANALYZER_NONNULL = YES;
				CLANG_ANALYZER_NUMBER_OBJECT_CONVERSION = YES_AGGRESSIVE;
				CLANG_CXX_LANGUAGE_STANDARD = "gnu++14";
				CLANG_CXX_LIBRARY = "libc++";
				CLANG_ENABLE_MODULES = YES;
				CLANG_ENABLE_OBJC_ARC = YES;
				CLANG_ENABLE_OBJC_WEAK = YES;
				CLANG_WARN_BLOCK_CAPTURE_AUTORELEASING = YES;
				CLANG_WARN_BOOL_CONVERSION = YES;
				CLANG_WARN_COMMA = YES;
				CLANG_WARN_CONSTANT_CONVERSION = YES;
				CLANG_WARN_DEPRECATED_OBJC_IMPLEMENTATIONS = YES;
				CLANG_WARN_DIRECT_OBJC_ISA_USAGE = YES_ERROR;
				CLANG_WARN_DOCUMENTATION_COMMENTS = YES;
				CLANG_WARN_EMPTY_BODY = YES;
				CLANG_WARN_ENUM_CONVERSION = YES;
				CLANG_WARN_INFINITE_RECURSION = YES;
				CLANG_WARN_INT_CONVERSION = YES;
				CLANG_WARN_NON_LITERAL_NULL_CONVERSION = YES;
				CLANG_WARN_OBJC_IMPLICIT_RETAIN_SELF = YES;
				CLANG_WARN_OBJC_LITERAL_CONVERSION = YES;
				CLANG_WARN_OBJC_ROOT_CLASS = YES_ERROR;
				CLANG_WARN_QUOTED_INCLUDE_IN_FRAMEWORK_HEADER = YES;
				CLANG_WARN_RANGE_LOOP_ANALYSIS = YES;
				CLANG_WARN_STRICT_PROTOTYPES = YES;
				CLANG_WARN_SUSPICIOUS_MOVE = YES;
				CLANG_WARN_UNGUARDED_AVAILABILITY = YES_AGGRESSIVE;
				CLANG_WARN_UNREACHABLE_CODE = YES;
				CLANG_WARN__DUPLICATE_METHOD_MATCH = YES;
				COPY_PHASE_STRIP = NO;
				DEBUG_INFORMATION_FORMAT = "dwarf-with-dsym";
				ENABLE_NS_ASSERTIONS = NO;
				ENABLE_STRICT_OBJC_MSGSEND = YES;
				GCC_C_LANGUAGE_STANDARD = gnu11;
				GCC_NO_COMMON_BLOCKS = YES;
				GCC_WARN_64_TO_32_BIT_CONVERSION = YES;
				GCC_WARN_ABOUT_RETURN_TYPE = YES_ERROR;
				GCC_WARN_UNDECLARED_SELECTOR = YES;
				GCC_WARN_UNINITIALIZED_AUTOS = YES_AGGRESSIVE;
				GCC_WARN_UNUSED_FUNCTION = YES;
				GCC_WARN_UNUSED_VARIABLE = YES;
				IPHONEOS_DEPLOYMENT_TARGET = 17.0;
				MTL_ENABLE_DEBUG_INFO = NO;
				MTL_FAST_MATH = YES;
				PRODUCT_NAME = "$(TARGET_NAME)";
				SDKROOT = iphoneos;
				SWIFT_COMPILATION_MODE = wholemodule;
				SWIFT_OPTIMIZATION_LEVEL = "-O";
				SWIFT_VERSION = 5.0;
			};
			name = Release;
		};
		9A6CD74EE596E06285264AC6 /* Debug */ = {
			isa = XCBuildConfiguration;
			baseConfigurationReference = FDB4648D7027444B4483A68A /* Secrets.xcconfig */;
			buildSettings = {
				ASSETCATALOG_COMPILER_APPICON_NAME = AppIcon;
				ASSETCATALOG_COMPILER_GLOBAL_ACCENT_COLOR_NAME = AccentColor;
				CODE_SIGNING_ALLOWED = NO;
				CODE_SIGNING_REQUIRED = NO;
				CODE_SIGN_IDENTITY = "";
				INFOPLIST_FILE = Focals/Info.plist;
				LD_RUNPATH_SEARCH_PATHS = (
					"$(inherited)",
					"@executable_path/Frameworks",
				);
				OTHER_SWIFT_FLAGS = "-DDEBUG";
				PRODUCT_BUNDLE_IDENTIFIER = com.focals.ios;
				SDKROOT = iphoneos;
				SWIFT_ACTIVE_COMPILATION_CONDITIONS = DEBUG;
				SWIFT_VERSION = 5.9;
				TARGETED_DEVICE_FAMILY = "1,2";
			};
			name = Debug;
		};
		B9BBF7EBFD02352584540B9E /* Release */ = {
			isa = XCBuildConfiguration;
			buildSettings = {
				BUNDLE_LOADER = "$(TEST_HOST)";
				GENERATE_INFOPLIST_FILE = YES;
				LD_RUNPATH_SEARCH_PATHS = (
					"$(inherited)",
					"@executable_path/Frameworks",
					"@loader_path/Frameworks",
				);
				PRODUCT_BUNDLE_IDENTIFIER = com.focals.FocalsUITests;
				SDKROOT = iphoneos;
				SWIFT_VERSION = 5.9;
				TARGETED_DEVICE_FAMILY = "1,2";
				TEST_TARGET_NAME = Focals;
			};
			name = Release;
		};
		DC71C3F6F03BD21F707828DA /* Release */ = {
			isa = XCBuildConfiguration;
			buildSettings = {
				BUNDLE_LOADER = "$(TEST_HOST)";
				GENERATE_INFOPLIST_FILE = YES;
				LD_RUNPATH_SEARCH_PATHS = (
					"$(inherited)",
					"@executable_path/Frameworks",
					"@loader_path/Frameworks",
				);
				PRODUCT_BUNDLE_IDENTIFIER = com.focals.FocalsTests;
				SDKROOT = iphoneos;
				SWIFT_VERSION = 5.9;
				TARGETED_DEVICE_FAMILY = "1,2";
				TEST_HOST = "$(BUILT_PRODUCTS_DIR)/Focals.app/Focals";
			};
			name = Release;
		};
/* End XCBuildConfiguration section */

/* Begin XCConfigurationList section */
		0E589ACD95DE3269B007A3B8 /* Build configuration list for PBXNativeTarget "Focals" */ = {
			isa = XCConfigurationList;
			buildConfigurations = (
				9A6CD74EE596E06285264AC6 /* Debug */,
				04E01C9FB2D52E8CF3005A45 /* Release */,
			);
			defaultConfigurationIsVisible = 0;
			defaultConfigurationName = Debug;
		};
		54F45F1C0FD151416290A031 /* Build configuration list for PBXProject "Focals" */ = {
			isa = XCConfigurationList;
			buildConfigurations = (
				1AF9FB7EDE1EB3B3995A5688 /* Debug */,
				6AA30CB347D71779CC3ACDC1 /* Release */,
			);
			defaultConfigurationIsVisible = 0;
			defaultConfigurationName = Debug;
		};
		63A8AC9A4E39BB4811694F0D /* Build configuration list for PBXNativeTarget "FocalsUITests" */ = {
			isa = XCConfigurationList;
			buildConfigurations = (
				2DB205D90015262F12B292F8 /* Debug */,
				B9BBF7EBFD02352584540B9E /* Release */,
			);
			defaultConfigurationIsVisible = 0;
			defaultConfigurationName = Debug;
		};
		93E4C3767731FF0ACF471108 /* Build configuration list for PBXNativeTarget "FocalsTests" */ = {
			isa = XCConfigurationList;
			buildConfigurations = (
				127F035ACB6A3D9D796F1FE4 /* Debug */,
				DC71C3F6F03BD21F707828DA /* Release */,
			);
			defaultConfigurationIsVisible = 0;
			defaultConfigurationName = Debug;
		};
/* End XCConfigurationList section */

/* Begin XCLocalSwiftPackageReference section */
		15F15EDECA5892601F801DCD /* XCLocalSwiftPackageReference "FocalsKit" */ = {
			isa = XCLocalSwiftPackageReference;
			relativePath = FocalsKit;
		};
/* End XCLocalSwiftPackageReference section */

/* Begin XCRemoteSwiftPackageReference section */
		01FF729707366C0F238875A6 /* XCRemoteSwiftPackageReference "Kingfisher" */ = {
			isa = XCRemoteSwiftPackageReference;
			repositoryURL = "https://github.com/onevcat/Kingfisher";
			requirement = {
				kind = upToNextMajorVersion;
				minimumVersion = 7.10.0;
			};
		};
		2B729D18064E9D8B29AC28F5 /* XCRemoteSwiftPackageReference "swift-markdown-ui" */ = {
			isa = XCRemoteSwiftPackageReference;
			repositoryURL = "https://github.com/gonzalezreal/swift-markdown-ui";
			requirement = {
				kind = upToNextMajorVersion;
				minimumVersion = 2.3.0;
			};
		};
/* End XCRemoteSwiftPackageReference section */

/* Begin XCSwiftPackageProductDependency section */
		244FCBFA18AB86AB05762DA6 /* Kingfisher */ = {
			isa = XCSwiftPackageProductDependency;
			package = 01FF729707366C0F238875A6 /* XCRemoteSwiftPackageReference "Kingfisher" */;
			productName = Kingfisher;
		};
		2E1CFF57501D3446C713047E /* FocalsDesign */ = {
			isa = XCSwiftPackageProductDependency;
			productName = FocalsDesign;
		};
		301C62105196D7CCA75A55AF /* FocalsCache */ = {
			isa = XCSwiftPackageProductDependency;
			productName = FocalsCache;
		};
		493AB284786C6E8CD7F6702F /* FocalsModels */ = {
			isa = XCSwiftPackageProductDependency;
			productName = FocalsModels;
		};
		7B66FA2D1C7948CB42CE6ACB /* FocalsModels */ = {
			isa = XCSwiftPackageProductDependency;
			productName = FocalsModels;
		};
		BD91BDB86CBB768047E4DD11 /* FocalsAPI */ = {
			isa = XCSwiftPackageProductDependency;
			productName = FocalsAPI;
		};
		C527EB360FC6A0F0854648EB /* MarkdownUI */ = {
			isa = XCSwiftPackageProductDependency;
			package = 2B729D18064E9D8B29AC28F5 /* XCRemoteSwiftPackageReference "swift-markdown-ui" */;
			productName = MarkdownUI;
		};
/* End XCSwiftPackageProductDependency section */
	};
	rootObject = FF9890FF6A35EDE7171ACE58 /* Project object */;
}
